
Microsoft Visual Studio Solution File, Format Version 12.00
# Visual Studio Version 16
VisualStudioVersion = 16.0.30611.23
MinimumVisualStudioVersion = 10.0.40219.1
Project("{9A19103F-16F7-4668-BE54-9A1E7A4F7556}") = "AdventOfCode2020", "AdventOfCode2020\AdventOfCode2020.csproj", "{9EF4153F-8C8A-4A8E-9A37-24EB24D6B648}"
EndProject
Global
	GlobalSection(SolutionConfigurationPlatforms) = preSolution
		Debug|Any CPU = Debug|Any CPU
		Debug|x64 = Debug|x64
		Release|Any CPU = Release|Any CPU
		Release|x64 = Release|x64
	EndGlobalSection
	GlobalSection(ProjectConfigurationPlatforms) = postSolution
		{9EF4153F-8C8A-4A8E-9A37-24EB24D6B648}.Debug|Any CPU.ActiveCfg = Debug|Any CPU
		{9EF4153F-8C8A-4A8E-9A37-24EB24D6B648}.Debug|Any CPU.Build.0 = Debug|Any CPU
		{9EF4153F-8C8A-4A8E-9A37-24EB24D6B648}.Debug|x64.ActiveCfg = Debug|x64
		{9EF4153F-8C8A-4A8E-9A37-24EB24D6B648}.Debug|x64.Build.0 = Debug|x64
		{9EF4153F-8C8A-4A8E-9A37-24EB24D6B648}.Release|Any CPU.ActiveCfg = Release|Any CPU
		{9EF4153F-8C8A-4A8E-9A37-24EB24D6B648}.Release|Any CPU.Build.0 = Release|Any CPU
		{9EF4153F-8C8A-4A8E-9A37-24EB24D6B648}.Release|x64.ActiveCfg = Release|x64
		{9EF4153F-8C8A-4A8E-9A37-24EB24D6B648}.Release|x64.Build.0 = Release|x64
	EndGlobalSection
	GlobalSection(SolutionProperties) = preSolution
		HideSolutionNode = FALSE
	EndGlobalSection
	GlobalSection(ExtensibilityGlobals) = postSolution
		SolutionGuid = {2615E782-9E64-475E-A354-A18741FB8E22}
	EndGlobalSection
EndGlobal
